// !$*UTF8*$!
{
	archiveVersion = 1;
	classes = {
	};
	objectVersion = 55;
	objects = {

/* Begin PBXBuildFile section */
		C2F97FFC283D5A9F00D642F4 /* AppDelegate.swift in Sources */ = {isa = PBXBuildFile; fileRef = C2F97FFB283D5A9F00D642F4 /* AppDelegate.swift */; };
		C2F97FFE283D5A9F00D642F4 /* SceneDelegate.swift in Sources */ = {isa = PBXBuildFile; fileRef = C2F97FFD283D5A9F00D642F4 /* SceneDelegate.swift */; };
		C2F98000283D5A9F00D642F4 /* ViewController.swift in Sources */ = {isa = PBXBuildFile; fileRef = C2F97FFF283D5A9F00D642F4 /* ViewController.swift */; };
		C2F98003283D5A9F00D642F4 /* Main.storyboard in Resources */ = {isa = PBXBuildFile; fileRef = C2F98001283D5A9F00D642F4 /* Main.storyboard */; };
		C2F98005283D5AA000D642F4 /* Assets.xcassets in Resources */ = {isa = PBXBuildFile; fileRef = C2F98004283D5AA000D642F4 /* Assets.xcassets */; };
		C2F98008283D5AA000D642F4 /* LaunchScreen.storyboard in Resources */ = {isa = PBXBuildFile; fileRef = C2F98006283D5AA000D642F4 /* LaunchScreen.storyboard */; };
		C2F98013283D5AA100D642F4 /* AppExampleTests.swift in Sources */ = {isa = PBXBuildFile; fileRef = C2F98012283D5AA100D642F4 /* AppExampleTests.swift */; };
		C2F9801D283D5AA100D642F4 /* AppExampleUITests.swift in Sources */ = {isa = PBXBuildFile; fileRef = C2F9801C283D5AA100D642F4 /* AppExampleUITests.swift */; };
		C2F9801F283D5AA100D642F4 /* AppExampleUITestsLaunchTests.swift in Sources */ = {isa = PBXBuildFile; fileRef = C2F9801E283D5AA100D642F4 /* AppExampleUITestsLaunchTests.swift */; };
/* End PBXBuildFile section */

/* Begin PBXContainerItemProxy section */
		C2F9800F283D5AA100D642F4 /* PBXContainerItemProxy */ = {
			isa = PBXContainerItemProxy;
			containerPortal = C2F97FF0283D5A9F00D642F4 /* Project object */;
			proxyType = 1;
			remoteGlobalIDString = C2F97FF7283D5A9F00D642F4;
			remoteInfo = AppExample;
		};
		C2F98019283D5AA100D642F4 /* PBXContainerItemProxy */ = {
			isa = PBXContainerItemProxy;
			containerPortal = C2F97FF0283D5A9F00D642F4 /* Project object */;
			proxyType = 1;
			remoteGlobalIDString = C2F97FF7283D5A9F00D642F4;
			remoteInfo = AppExample;
		};
/* End PBXContainerItemProxy section */

/* Begin PBXFileReference section */
		C21F850A283E8D84003EBB41 /* Conditions.playground */ = {isa = PBXFileReference; lastKnownFileType = file.playground; path = Conditions.playground; sourceTree = "<group>"; xcLanguageSpecificationIdentifier = xcode.lang.swift; };
		C21F850B283E965C003EBB41 /* Loops.playground */ = {isa = PBXFileReference; lastKnownFileType = file.playground; path = Loops.playground; sourceTree = "<group>"; xcLanguageSpecificationIdentifier = xcode.lang.swift; };
		C21F850C283E9EC0003EBB41 /* Functions.playground */ = {isa = PBXFileReference; lastKnownFileType = file.playground; path = Functions.playground; sourceTree = "<group>"; xcLanguageSpecificationIdentifier = xcode.lang.swift; };
		C21F850D283EA9C5003EBB41 /* Structures.playground */ = {isa = PBXFileReference; lastKnownFileType = file.playground; path = Structures.playground; sourceTree = "<group>"; xcLanguageSpecificationIdentifier = xcode.lang.swift; };
		C21F850E283ECBA4003EBB41 /* Optionals.playground */ = {isa = PBXFileReference; lastKnownFileType = file.playground; path = Optionals.playground; sourceTree = "<group>"; xcLanguageSpecificationIdentifier = xcode.lang.swift; };
		C21F850F283ED5BA003EBB41 /* ErrorController.playground */ = {isa = PBXFileReference; lastKnownFileType = file.playground; path = ErrorController.playground; sourceTree = "<group>"; xcLanguageSpecificationIdentifier = xcode.lang.swift; };
		C21F8510283EDB61003EBB41 /* Typecasting.playground */ = {isa = PBXFileReference; lastKnownFileType = file.playground; path = Typecasting.playground; sourceTree = "<group>"; xcLanguageSpecificationIdentifier = xcode.lang.swift; };
		C22CFEA1283EE2BF00F78DE6 /* AnidateTypes.playground */ = {isa = PBXFileReference; lastKnownFileType = file.playground; path = AnidateTypes.playground; sourceTree = "<group>"; xcLanguageSpecificationIdentifier = xcode.lang.swift; };
		C2855A9A283D94140093B12A /* dictionary.playground */ = {isa = PBXFileReference; lastKnownFileType = file.playground; path = dictionary.playground; sourceTree = "<group>"; xcLanguageSpecificationIdentifier = xcode.lang.swift; };
		C2CF12A8283FB9990042834D /* Extensions.playground */ = {isa = PBXFileReference; lastKnownFileType = file.playground; path = Extensions.playground; sourceTree = "<group>"; xcLanguageSpecificationIdentifier = xcode.lang.swift; };
		C2CF12A9283FC0B10042834D /* protocols.playground */ = {isa = PBXFileReference; lastKnownFileType = file.playground; path = protocols.playground; sourceTree = "<group>"; xcLanguageSpecificationIdentifier = xcode.lang.swift; };
		C2CF12AA283FC6270042834D /* Generics.playground */ = {isa = PBXFileReference; lastKnownFileType = file.playground; path = Generics.playground; sourceTree = "<group>"; xcLanguageSpecificationIdentifier = xcode.lang.swift; };
		C2CF12AB283FCF750042834D /* AdvanceOperations.playground */ = {isa = PBXFileReference; lastKnownFileType = file.playground; path = AdvanceOperations.playground; sourceTree = "<group>"; xcLanguageSpecificationIdentifier = xcode.lang.swift; };
		C2CF12AC283FD45B0042834D /* Sets.playground */ = {isa = PBXFileReference; lastKnownFileType = file.playground; path = Sets.playground; sourceTree = "<group>"; xcLanguageSpecificationIdentifier = xcode.lang.swift; };
		C2CF12AE283FDE9F0042834D /* CollectionAlgorithms.playground */ = {isa = PBXFileReference; lastKnownFileType = file.playground; path = CollectionAlgorithms.playground; sourceTree = "<group>"; xcLanguageSpecificationIdentifier = xcode.lang.swift; };
		C2CF12AF283FE44F0042834D /* Maps.playground */ = {isa = PBXFileReference; lastKnownFileType = file.playground; path = Maps.playground; sourceTree = "<group>"; xcLanguageSpecificationIdentifier = xcode.lang.swift; };
		C2F97FF8283D5A9F00D642F4 /* AppExample.app */ = {isa = PBXFileReference; explicitFileType = wrapper.application; includeInIndex = 0; path = AppExample.app; sourceTree = BUILT_PRODUCTS_DIR; };
		C2F97FFB283D5A9F00D642F4 /* AppDelegate.swift */ = {isa = PBXFileReference; lastKnownFileType = sourcecode.swift; path = AppDelegate.swift; sourceTree = "<group>"; };
		C2F97FFD283D5A9F00D642F4 /* SceneDelegate.swift */ = {isa = PBXFileReference; lastKnownFileType = sourcecode.swift; path = SceneDelegate.swift; sourceTree = "<group>"; };
		C2F97FFF283D5A9F00D642F4 /* ViewController.swift */ = {isa = PBXFileReference; lastKnownFileType = sourcecode.swift; path = ViewController.swift; sourceTree = "<group>"; };
		C2F98002283D5A9F00D642F4 /* Base */ = {isa = PBXFileReference; lastKnownFileType = file.storyboard; name = Base; path = Base.lproj/Main.storyboard; sourceTree = "<group>"; };
		C2F98004283D5AA000D642F4 /* Assets.xcassets */ = {isa = PBXFileReference; lastKnownFileType = folder.assetcatalog; path = Assets.xcassets; sourceTree = "<group>"; };
		C2F98007283D5AA000D642F4 /* Base */ = {isa = PBXFileReference; lastKnownFileType = file.storyboard; name = Base; path = Base.lproj/LaunchScreen.storyboard; sourceTree = "<group>"; };
		C2F98009283D5AA000D642F4 /* Info.plist */ = {isa = PBXFileReference; lastKnownFileType = text.plist.xml; path = Info.plist; sourceTree = "<group>"; };
		C2F9800E283D5AA100D642F4 /* AppExampleTests.xctest */ = {isa = PBXFileReference; explicitFileType = wrapper.cfbundle; includeInIndex = 0; path = AppExampleTests.xctest; sourceTree = BUILT_PRODUCTS_DIR; };
		C2F98012283D5AA100D642F4 /* AppExampleTests.swift */ = {isa = PBXFileReference; lastKnownFileType = sourcecode.swift; path = AppExampleTests.swift; sourceTree = "<group>"; };
		C2F98018283D5AA100D642F4 /* AppExampleUITests.xctest */ = {isa = PBXFileReference; explicitFileType = wrapper.cfbundle; includeInIndex = 0; path = AppExampleUITests.xctest; sourceTree = BUILT_PRODUCTS_DIR; };
		C2F9801C283D5AA100D642F4 /* AppExampleUITests.swift */ = {isa = PBXFileReference; lastKnownFileType = sourcecode.swift; path = AppExampleUITests.swift; sourceTree = "<group>"; };
		C2F9801E283D5AA100D642F4 /* AppExampleUITestsLaunchTests.swift */ = {isa = PBXFileReference; lastKnownFileType = sourcecode.swift; path = AppExampleUITestsLaunchTests.swift; sourceTree = "<group>"; };
		C2F9802B283D5B3700D642F4 /* MyPlayground.playground */ = {isa = PBXFileReference; lastKnownFileType = file.playground; path = MyPlayground.playground; sourceTree = "<group>"; xcLanguageSpecificationIdentifier = xcode.lang.swift; };
		C2F9802D283D7C7F00D642F4 /* StringConcatenation.playground */ = {isa = PBXFileReference; lastKnownFileType = file.playground; path = StringConcatenation.playground; sourceTree = "<group>"; xcLanguageSpecificationIdentifier = xcode.lang.swift; };
		C2F9802E283D843900D642F4 /* SomeArrayFunctions.playground */ = {isa = PBXFileReference; lastKnownFileType = file.playground; path = SomeArrayFunctions.playground; sourceTree = "<group>"; xcLanguageSpecificationIdentifier = xcode.lang.swift; };
		C2FFCD8C283E6A42007649E2 /* Tuple.playground */ = {isa = PBXFileReference; lastKnownFileType = file.playground; path = Tuple.playground; sourceTree = "<group>"; xcLanguageSpecificationIdentifier = xcode.lang.swift; };
		C2FFCD8D283E6CC8007649E2 /* Enum.playground */ = {isa = PBXFileReference; lastKnownFileType = file.playground; path = Enum.playground; sourceTree = "<group>"; xcLanguageSpecificationIdentifier = xcode.lang.swift; };
/* End PBXFileReference section */

/* Begin PBXFrameworksBuildPhase section */
		C2F97FF5283D5A9F00D642F4 /* Frameworks */ = {
			isa = PBXFrameworksBuildPhase;
			buildActionMask = 2147483647;
			files = (
			);
			runOnlyForDeploymentPostprocessing = 0;
		};
		C2F9800B283D5AA100D642F4 /* Frameworks */ = {
			isa = PBXFrameworksBuildPhase;
			buildActionMask = 2147483647;
			files = (
			);
			runOnlyForDeploymentPostprocessing = 0;
		};
		C2F98015283D5AA100D642F4 /* Frameworks */ = {
			isa = PBXFrameworksBuildPhase;
			buildActionMask = 2147483647;
			files = (
			);
			runOnlyForDeploymentPostprocessing = 0;
		};
/* End PBXFrameworksBuildPhase section */

/* Begin PBXGroup section */
		C21F8511283EE092003EBB41 /* AdvanceSwift */ = {
			isa = PBXGroup;
			children = (
				C21F850E283ECBA4003EBB41 /* Optionals.playground */,
				C21F850F283ED5BA003EBB41 /* ErrorController.playground */,
				C21F8510283EDB61003EBB41 /* Typecasting.playground */,
				C22CFEA1283EE2BF00F78DE6 /* AnidateTypes.playground */,
				C2CF12A8283FB9990042834D /* Extensions.playground */,
				C2CF12A9283FC0B10042834D /* protocols.playground */,
				C2CF12AA283FC6270042834D /* Generics.playground */,
				C2CF12AB283FCF750042834D /* AdvanceOperations.playground */,
			);
			path = AdvanceSwift;
			sourceTree = "<group>";
		};
		C22CFEA0283EE24800F78DE6 /* BasicIntermediateSwift */ = {
			isa = PBXGroup;
			children = (
				C2F9802B283D5B3700D642F4 /* MyPlayground.playground */,
				C2F9802D283D7C7F00D642F4 /* StringConcatenation.playground */,
				C2F9802E283D843900D642F4 /* SomeArrayFunctions.playground */,
				C2855A9A283D94140093B12A /* dictionary.playground */,
				C2FFCD8C283E6A42007649E2 /* Tuple.playground */,
				C2FFCD8D283E6CC8007649E2 /* Enum.playground */,
				C21F850A283E8D84003EBB41 /* Conditions.playground */,
				C21F850B283E965C003EBB41 /* Loops.playground */,
				C21F850C283E9EC0003EBB41 /* Functions.playground */,
				C21F850D283EA9C5003EBB41 /* Structures.playground */,
			);
			path = BasicIntermediateSwift;
			sourceTree = "<group>";
		};
		C2CF12AD283FDE5A0042834D /* AdvanceSwiftCollections */ = {
			isa = PBXGroup;
			children = (
				C2CF12AC283FD45B0042834D /* Sets.playground */,
				C2CF12AE283FDE9F0042834D /* CollectionAlgorithms.playground */,
				C2CF12AF283FE44F0042834D /* Maps.playground */,
			);
			path = AdvanceSwiftCollections;
			sourceTree = "<group>";
		};
		C2F97FEF283D5A9F00D642F4 = {
			isa = PBXGroup;
			children = (
				C2F97FFA283D5A9F00D642F4 /* AppExample */,
				C2F98011283D5AA100D642F4 /* AppExampleTests */,
				C2F9801B283D5AA100D642F4 /* AppExampleUITests */,
				C2F97FF9283D5A9F00D642F4 /* Products */,
			);
			sourceTree = "<group>";
		};
		C2F97FF9283D5A9F00D642F4 /* Products */ = {
			isa = PBXGroup;
			children = (
				C2F97FF8283D5A9F00D642F4 /* AppExample.app */,
				C2F9800E283D5AA100D642F4 /* AppExampleTests.xctest */,
				C2F98018283D5AA100D642F4 /* AppExampleUITests.xctest */,
			);
			name = Products;
			sourceTree = "<group>";
		};
		C2F97FFA283D5A9F00D642F4 /* AppExample */ = {
			isa = PBXGroup;
			children = (
				C2CF12AD283FDE5A0042834D /* AdvanceSwiftCollections */,
				C22CFEA0283EE24800F78DE6 /* BasicIntermediateSwift */,
				C21F8511283EE092003EBB41 /* AdvanceSwift */,
				C2F97FFB283D5A9F00D642F4 /* AppDelegate.swift */,
				C2F97FFD283D5A9F00D642F4 /* SceneDelegate.swift */,
				C2F97FFF283D5A9F00D642F4 /* ViewController.swift */,
				C2F98001283D5A9F00D642F4 /* Main.storyboard */,
				C2F98004283D5AA000D642F4 /* Assets.xcassets */,
				C2F98006283D5AA000D642F4 /* LaunchScreen.storyboard */,
				C2F98009283D5AA000D642F4 /* Info.plist */,
			);
			path = AppExample;
			sourceTree = "<group>";
		};
		C2F98011283D5AA100D642F4 /* AppExampleTests */ = {
			isa = PBXGroup;
			children = (
				C2F98012283D5AA100D642F4 /* AppExampleTests.swift */,
			);
			path = AppExampleTests;
			sourceTree = "<group>";
		};
		C2F9801B283D5AA100D642F4 /* AppExampleUITests */ = {
			isa = PBXGroup;
			children = (
				C2F9801C283D5AA100D642F4 /* AppExampleUITests.swift */,
				C2F9801E283D5AA100D642F4 /* AppExampleUITestsLaunchTests.swift */,
			);
			path = AppExampleUITests;
			sourceTree = "<group>";
		};
/* End PBXGroup section */

/* Begin PBXNativeTarget section */
		C2F97FF7283D5A9F00D642F4 /* AppExample */ = {
			isa = PBXNativeTarget;
			buildConfigurationList = C2F98022283D5AA100D642F4 /* Build configuration list for PBXNativeTarget "AppExample" */;
			buildPhases = (
				C2F97FF4283D5A9F00D642F4 /* Sources */,
				C2F97FF5283D5A9F00D642F4 /* Frameworks */,
				C2F97FF6283D5A9F00D642F4 /* Resources */,
			);
			buildRules = (
			);
			dependencies = (
			);
			name = AppExample;
			productName = AppExample;
			productReference = C2F97FF8283D5A9F00D642F4 /* AppExample.app */;
			productType = "com.apple.product-type.application";
		};
		C2F9800D283D5AA100D642F4 /* AppExampleTests */ = {
			isa = PBXNativeTarget;
			buildConfigurationList = C2F98025283D5AA100D642F4 /* Build configuration list for PBXNativeTarget "AppExampleTests" */;
			buildPhases = (
				C2F9800A283D5AA100D642F4 /* Sources */,
				C2F9800B283D5AA100D642F4 /* Frameworks */,
				C2F9800C283D5AA100D642F4 /* Resources */,
			);
			buildRules = (
			);
			dependencies = (
				C2F98010283D5AA100D642F4 /* PBXTargetDependency */,
			);
			name = AppExampleTests;
			productName = AppExampleTests;
			productReference = C2F9800E283D5AA100D642F4 /* AppExampleTests.xctest */;
			productType = "com.apple.product-type.bundle.unit-test";
		};
		C2F98017283D5AA100D642F4 /* AppExampleUITests */ = {
			isa = PBXNativeTarget;
			buildConfigurationList = C2F98028283D5AA100D642F4 /* Build configuration list for PBXNativeTarget "AppExampleUITests" */;
			buildPhases = (
				C2F98014283D5AA100D642F4 /* Sources */,
				C2F98015283D5AA100D642F4 /* Frameworks */,
				C2F98016283D5AA100D642F4 /* Resources */,
			);
			buildRules = (
			);
			dependencies = (
				C2F9801A283D5AA100D642F4 /* PBXTargetDependency */,
			);
			name = AppExampleUITests;
			productName = AppExampleUITests;
			productReference = C2F98018283D5AA100D642F4 /* AppExampleUITests.xctest */;
			productType = "com.apple.product-type.bundle.ui-testing";
		};
/* End PBXNativeTarget section */

/* Begin PBXProject section */
		C2F97FF0283D5A9F00D642F4 /* Project object */ = {
			isa = PBXProject;
			attributes = {
				BuildIndependentTargetsInParallel = 1;
				LastSwiftUpdateCheck = 1340;
				LastUpgradeCheck = 1340;
				TargetAttributes = {
					C2F97FF7283D5A9F00D642F4 = {
						CreatedOnToolsVersion = 13.4;
					};
					C2F9800D283D5AA100D642F4 = {
						CreatedOnToolsVersion = 13.4;
						TestTargetID = C2F97FF7283D5A9F00D642F4;
					};
					C2F98017283D5AA100D642F4 = {
						CreatedOnToolsVersion = 13.4;
						TestTargetID = C2F97FF7283D5A9F00D642F4;
					};
				};
			};
			buildConfigurationList = C2F97FF3283D5A9F00D642F4 /* Build configuration list for PBXProject "AppExample" */;
			compatibilityVersion = "Xcode 13.0";
			developmentRegion = en;
			hasScannedForEncodings = 0;
			knownRegions = (
				en,
				Base,
			);
			mainGroup = C2F97FEF283D5A9F00D642F4;
			productRefGroup = C2F97FF9283D5A9F00D642F4 /* Products */;
			projectDirPath = "";
			projectRoot = "";
			targets = (
				C2F97FF7283D5A9F00D642F4 /* AppExample */,
				C2F9800D283D5AA100D642F4 /* AppExampleTests */,
				C2F98017283D5AA100D642F4 /* AppExampleUITests */,
			);
		};
/* End PBXProject section */

/* Begin PBXResourcesBuildPhase section */
		C2F97FF6283D5A9F00D642F4 /* Resources */ = {
			isa = PBXResourcesBuildPhase;
			buildActionMask = 2147483647;
			files = (
				C2F98008283D5AA000D642F4 /* LaunchScreen.storyboard in Resources */,
				C2F98005283D5AA000D642F4 /* Assets.xcassets in Resources */,
				C2F98003283D5A9F00D642F4 /* Main.storyboard in Resources */,
			);
			runOnlyForDeploymentPostprocessing = 0;
		};
		C2F9800C283D5AA100D642F4 /* Resources */ = {
			isa = PBXResourcesBuildPhase;
			buildActionMask = 2147483647;
			files = (
			);
			runOnlyForDeploymentPostprocessing = 0;
		};
		C2F98016283D5AA100D642F4 /* Resources */ = {
			isa = PBXResourcesBuildPhase;
			buildActionMask = 2147483647;
			files = (
			);
			runOnlyForDeploymentPostprocessing = 0;
		};
/* End PBXResourcesBuildPhase section */

/* Begin PBXSourcesBuildPhase section */
		C2F97FF4283D5A9F00D642F4 /* Sources */ = {
			isa = PBXSourcesBuildPhase;
			buildActionMask = 2147483647;
			files = (
				C2F98000283D5A9F00D642F4 /* ViewController.swift in Sources */,
				C2F97FFC283D5A9F00D642F4 /* AppDelegate.swift in Sources */,
				C2F97FFE283D5A9F00D642F4 /* SceneDelegate.swift in Sources */,
			);
			runOnlyForDeploymentPostprocessing = 0;
		};
		C2F9800A283D5AA100D642F4 /* Sources */ = {
			isa = PBXSourcesBuildPhase;
			buildActionMask = 2147483647;
			files = (
				C2F98013283D5AA100D642F4 /* AppExampleTests.swift in Sources */,
			);
			runOnlyForDeploymentPostprocessing = 0;
		};
		C2F98014283D5AA100D642F4 /* Sources */ = {
			isa = PBXSourcesBuildPhase;
			buildActionMask = 2147483647;
			files = (
				C2F9801D283D5AA100D642F4 /* AppExampleUITests.swift in Sources */,
				C2F9801F283D5AA100D642F4 /* AppExampleUITestsLaunchTests.swift in Sources */,
			);
			runOnlyForDeploymentPostprocessing = 0;
		};
/* End PBXSourcesBuildPhase section */

/* Begin PBXTargetDependency section */
		C2F98010283D5AA100D642F4 /* PBXTargetDependency */ = {
			isa = PBXTargetDependency;
			target = C2F97FF7283D5A9F00D642F4 /* AppExample */;
			targetProxy = C2F9800F283D5AA100D642F4 /* PBXContainerItemProxy */;
		};
		C2F9801A283D5AA100D642F4 /* PBXTargetDependency */ = {
			isa = PBXTargetDependency;
			target = C2F97FF7283D5A9F00D642F4 /* AppExample */;
			targetProxy = C2F98019283D5AA100D642F4 /* PBXContainerItemProxy */;
		};
/* End PBXTargetDependency section */

/* Begin PBXVariantGroup section */
		C2F98001283D5A9F00D642F4 /* Main.storyboard */ = {
			isa = PBXVariantGroup;
			children = (
				C2F98002283D5A9F00D642F4 /* Base */,
			);
			name = Main.storyboard;
			sourceTree = "<group>";
		};
		C2F98006283D5AA000D642F4 /* LaunchScreen.storyboard */ = {
			isa = PBXVariantGroup;
			children = (
				C2F98007283D5AA000D642F4 /* Base */,
			);
			name = LaunchScreen.storyboard;
			sourceTree = "<group>";
		};
/* End PBXVariantGroup section */

/* Begin XCBuildConfiguration section */
		C2F98020283D5AA100D642F4 /* Debug */ = {
			isa = XCBuildConfiguration;
			buildSettings = {
				ALWAYS_SEARCH_USER_PATHS = NO;
				CLANG_ANALYZER_NONNULL = YES;
				CLANG_ANALYZER_NUMBER_OBJECT_CONVERSION = YES_AGGRESSIVE;
				CLANG_CXX_LANGUAGE_STANDARD = "gnu++17";
				CLANG_ENABLE_MODULES = YES;
				CLANG_ENABLE_OBJC_ARC = YES;
				CLANG_ENABLE_OBJC_WEAK = YES;
				CLANG_WARN_BLOCK_CAPTURE_AUTORELEASING = YES;
				CLANG_WARN_BOOL_CONVERSION = YES;
				CLANG_WARN_COMMA = YES;
				CLANG_WARN_CONSTANT_CONVERSION = YES;
				CLANG_WARN_DEPRECATED_OBJC_IMPLEMENTATIONS = YES;
				CLANG_WARN_DIRECT_OBJC_ISA_USAGE = YES_ERROR;
				CLANG_WARN_DOCUMENTATION_COMMENTS = YES;
				CLANG_WARN_EMPTY_BODY = YES;
				CLANG_WARN_ENUM_CONVERSION = YES;
				CLANG_WARN_INFINITE_RECURSION = YES;
				CLANG_WARN_INT_CONVERSION = YES;
				CLANG_WARN_NON_LITERAL_NULL_CONVERSION = YES;
				CLANG_WARN_OBJC_IMPLICIT_RETAIN_SELF = YES;
				CLANG_WARN_OBJC_LITERAL_CONVERSION = YES;
				CLANG_WARN_OBJC_ROOT_CLASS = YES_ERROR;
				CLANG_WARN_QUOTED_INCLUDE_IN_FRAMEWORK_HEADER = YES;
				CLANG_WARN_RANGE_LOOP_ANALYSIS = YES;
				CLANG_WARN_STRICT_PROTOTYPES = YES;
				CLANG_WARN_SUSPICIOUS_MOVE = YES;
				CLANG_WARN_UNGUARDED_AVAILABILITY = YES_AGGRESSIVE;
				CLANG_WARN_UNREACHABLE_CODE = YES;
				CLANG_WARN__DUPLICATE_METHOD_MATCH = YES;
				COPY_PHASE_STRIP = NO;
				DEBUG_INFORMATION_FORMAT = dwarf;
				ENABLE_STRICT_OBJC_MSGSEND = YES;
				ENABLE_TESTABILITY = YES;
				GCC_C_LANGUAGE_STANDARD = gnu11;
				GCC_DYNAMIC_NO_PIC = NO;
				GCC_NO_COMMON_BLOCKS = YES;
				GCC_OPTIMIZATION_LEVEL = 0;
				GCC_PREPROCESSOR_DEFINITIONS = (
					"DEBUG=1",
					"$(inherited)",
				);
				GCC_WARN_64_TO_32_BIT_CONVERSION = YES;
				GCC_WARN_ABOUT_RETURN_TYPE = YES_ERROR;
				GCC_WARN_UNDECLARED_SELECTOR = YES;
				GCC_WARN_UNINITIALIZED_AUTOS = YES_AGGRESSIVE;
				GCC_WARN_UNUSED_FUNCTION = YES;
				GCC_WARN_UNUSED_VARIABLE = YES;
				IPHONEOS_DEPLOYMENT_TARGET = 15.5;
				MTL_ENABLE_DEBUG_INFO = INCLUDE_SOURCE;
				MTL_FAST_MATH = YES;
				ONLY_ACTIVE_ARCH = YES;
				SDKROOT = iphoneos;
				SWIFT_ACTIVE_COMPILATION_CONDITIONS = DEBUG;
				SWIFT_OPTIMIZATION_LEVEL = "-Onone";
			};
			name = Debug;
		};
		C2F98021283D5AA100D642F4 /* Release */ = {
			isa = XCBuildConfiguration;
			buildSettings = {
				ALWAYS_SEARCH_USER_PATHS = NO;
				CLANG_ANALYZER_NONNULL = YES;
				CLANG_ANALYZER_NUMBER_OBJECT_CONVERSION = YES_AGGRESSIVE;
				CLANG_CXX_LANGUAGE_STANDARD = "gnu++17";
				CLANG_ENABLE_MODULES = YES;
				CLANG_ENABLE_OBJC_ARC = YES;
				CLANG_ENABLE_OBJC_WEAK = YES;
				CLANG_WARN_BLOCK_CAPTURE_AUTORELEASING = YES;
				CLANG_WARN_BOOL_CONVERSION = YES;
				CLANG_WARN_COMMA = YES;
				CLANG_WARN_CONSTANT_CONVERSION = YES;
				CLANG_WARN_DEPRECATED_OBJC_IMPLEMENTATIONS = YES;
				CLANG_WARN_DIRECT_OBJC_ISA_USAGE = YES_ERROR;
				CLANG_WARN_DOCUMENTATION_COMMENTS = YES;
				CLANG_WARN_EMPTY_BODY = YES;
				CLANG_WARN_ENUM_CONVERSION = YES;
				CLANG_WARN_INFINITE_RECURSION = YES;
				CLANG_WARN_INT_CONVERSION = YES;
				CLANG_WARN_NON_LITERAL_NULL_CONVERSION = YES;
				CLANG_WARN_OBJC_IMPLICIT_RETAIN_SELF = YES;
				CLANG_WARN_OBJC_LITERAL_CONVERSION = YES;
				CLANG_WARN_OBJC_ROOT_CLASS = YES_ERROR;
				CLANG_WARN_QUOTED_INCLUDE_IN_FRAMEWORK_HEADER = YES;
				CLANG_WARN_RANGE_LOOP_ANALYSIS = YES;
				CLANG_WARN_STRICT_PROTOTYPES = YES;
				CLANG_WARN_SUSPICIOUS_MOVE = YES;
				CLANG_WARN_UNGUARDED_AVAILABILITY = YES_AGGRESSIVE;
				CLANG_WARN_UNREACHABLE_CODE = YES;
				CLANG_WARN__DUPLICATE_METHOD_MATCH = YES;
				COPY_PHASE_STRIP = NO;
				DEBUG_INFORMATION_FORMAT = "dwarf-with-dsym";
				ENABLE_NS_ASSERTIONS = NO;
				ENABLE_STRICT_OBJC_MSGSEND = YES;
				GCC_C_LANGUAGE_STANDARD = gnu11;
				GCC_NO_COMMON_BLOCKS = YES;
				GCC_WARN_64_TO_32_BIT_CONVERSION = YES;
				GCC_WARN_ABOUT_RETURN_TYPE = YES_ERROR;
				GCC_WARN_UNDECLARED_SELECTOR = YES;
				GCC_WARN_UNINITIALIZED_AUTOS = YES_AGGRESSIVE;
				GCC_WARN_UNUSED_FUNCTION = YES;
				GCC_WARN_UNUSED_VARIABLE = YES;
				IPHONEOS_DEPLOYMENT_TARGET = 15.5;
				MTL_ENABLE_DEBUG_INFO = NO;
				MTL_FAST_MATH = YES;
				SDKROOT = iphoneos;
				SWIFT_COMPILATION_MODE = wholemodule;
				SWIFT_OPTIMIZATION_LEVEL = "-O";
				VALIDATE_PRODUCT = YES;
			};
			name = Release;
		};
		C2F98023283D5AA100D642F4 /* Debug */ = {
			isa = XCBuildConfiguration;
			buildSettings = {
				ASSETCATALOG_COMPILER_APPICON_NAME = AppIcon;
				ASSETCATALOG_COMPILER_GLOBAL_ACCENT_COLOR_NAME = AccentColor;
				CODE_SIGN_STYLE = Automatic;
				CURRENT_PROJECT_VERSION = 1;
				GENERATE_INFOPLIST_FILE = YES;
				INFOPLIST_FILE = AppExample/Info.plist;
				INFOPLIST_KEY_CFBundleDisplayName = examples;
				INFOPLIST_KEY_UIApplicationSupportsIndirectInputEvents = YES;
				INFOPLIST_KEY_UILaunchStoryboardName = LaunchScreen;
				INFOPLIST_KEY_UIMainStoryboardFile = Main;
				INFOPLIST_KEY_UISupportedInterfaceOrientations_iPad = "UIInterfaceOrientationPortrait UIInterfaceOrientationPortraitUpsideDown UIInterfaceOrientationLandscapeLeft UIInterfaceOrientationLandscapeRight";
				INFOPLIST_KEY_UISupportedInterfaceOrientations_iPhone = "UIInterfaceOrientationPortrait UIInterfaceOrientationLandscapeLeft UIInterfaceOrientationLandscapeRight";
				LD_RUNPATH_SEARCH_PATHS = (
					"$(inherited)",
					"@executable_path/Frameworks",
				);
				MARKETING_VERSION = 1.0;
				PRODUCT_BUNDLE_IDENTIFIER = name.AppExample;
				PRODUCT_NAME = "$(TARGET_NAME)";
				SWIFT_EMIT_LOC_STRINGS = YES;
				SWIFT_VERSION = 5.0;
				TARGETED_DEVICE_FAMILY = "1,2";
			};
			name = Debug;
		};
		C2F98024283D5AA100D642F4 /* Release */ = {
			isa = XCBuildConfiguration;
			buildSettings = {
				ASSETCATALOG_COMPILER_APPICON_NAME = AppIcon;
				ASSETCATALOG_COMPILER_GLOBAL_ACCENT_COLOR_NAME = AccentColor;
				CODE_SIGN_STYLE = Automatic;
				CURRENT_PROJECT_VERSION = 1;
				GENERATE_INFOPLIST_FILE = YES;
				INFOPLIST_FILE = AppExample/Info.plist;
				INFOPLIST_KEY_CFBundleDisplayName = examples;
				INFOPLIST_KEY_UIApplicationSupportsIndirectInputEvents = YES;
				INFOPLIST_KEY_UILaunchStoryboardName = LaunchScreen;
				INFOPLIST_KEY_UIMainStoryboardFile = Main;
				INFOPLIST_KEY_UISupportedInterfaceOrientations_iPad = "UIInterfaceOrientationPortrait UIInterfaceOrientationPortraitUpsideDown UIInterfaceOrientationLandscapeLeft UIInterfaceOrientationLandscapeRight";
				INFOPLIST_KEY_UISupportedInterfaceOrientations_iPhone = "UIInterfaceOrientationPortrait UIInterfaceOrientationLandscapeLeft UIInterfaceOrientationLandscapeRight";
				LD_RUNPATH_SEARCH_PATHS = (
					"$(inherited)",
					"@executable_path/Frameworks",
				);
				MARKETING_VERSION = 1.0;
				PRODUCT_BUNDLE_IDENTIFIER = name.AppExample;
				PRODUCT_NAME = "$(TARGET_NAME)";
				SWIFT_EMIT_LOC_STRINGS = YES;
				SWIFT_VERSION = 5.0;
				TARGETED_DEVICE_FAMILY = "1,2";
			};
			name = Release;
		};
		C2F98026283D5AA100D642F4 /* Debug */ = {
			isa = XCBuildConfiguration;
			buildSettings = {
				ALWAYS_EMBED_SWIFT_STANDARD_LIBRARIES = YES;
				BUNDLE_LOADER = "$(TEST_HOST)";
				CODE_SIGN_STYLE = Automatic;
				CURRENT_PROJECT_VERSION = 1;
				GENERATE_INFOPLIST_FILE = YES;
				IPHONEOS_DEPLOYMENT_TARGET = 15.5;
				MARKETING_VERSION = 1.0;
				PRODUCT_BUNDLE_IDENTIFIER = name.AppExampleTests;
				PRODUCT_NAME = "$(TARGET_NAME)";
				SWIFT_EMIT_LOC_STRINGS = NO;
				SWIFT_VERSION = 5.0;
				TARGETED_DEVICE_FAMILY = "1,2";
				TEST_HOST = "$(BUILT_PRODUCTS_DIR)/AppExample.app/AppExample";
			};
			name = Debug;
		};
		C2F98027283D5AA100D642F4 /* Release */ = {
			isa = XCBuildConfiguration;
			buildSettings = {
				ALWAYS_EMBED_SWIFT_STANDARD_LIBRARIES = YES;
				BUNDLE_LOADER = "$(TEST_HOST)";
				CODE_SIGN_STYLE = Automatic;
				CURRENT_PROJECT_VERSION = 1;
				GENERATE_INFOPLIST_FILE = YES;
				IPHONEOS_DEPLOYMENT_TARGET = 15.5;
				MARKETING_VERSION = 1.0;
				PRODUCT_BUNDLE_IDENTIFIER = name.AppExampleTests;
				PRODUCT_NAME = "$(TARGET_NAME)";
				SWIFT_EMIT_LOC_STRINGS = NO;
				SWIFT_VERSION = 5.0;
				TARGETED_DEVICE_FAMILY = "1,2";
				TEST_HOST = "$(BUILT_PRODUCTS_DIR)/AppExample.app/AppExample";
			};
			name = Release;
		};
		C2F98029283D5AA100D642F4 /* Debug */ = {
			isa = XCBuildConfiguration;
			buildSettings = {
				ALWAYS_EMBED_SWIFT_STANDARD_LIBRARIES = YES;
				CODE_SIGN_STYLE = Automatic;
				CURRENT_PROJECT_VERSION = 1;
				GENERATE_INFOPLIST_FILE = YES;
				MARKETING_VERSION = 1.0;
				PRODUCT_BUNDLE_IDENTIFIER = name.AppExampleUITests;
				PRODUCT_NAME = "$(TARGET_NAME)";
				SWIFT_EMIT_LOC_STRINGS = NO;
				SWIFT_VERSION = 5.0;
				TARGETED_DEVICE_FAMILY = "1,2";
				TEST_TARGET_NAME = AppExample;
			};
			name = Debug;
		};
		C2F9802A283D5AA100D642F4 /* Release */ = {
			isa = XCBuildConfiguration;
			buildSettings = {
				ALWAYS_EMBED_SWIFT_STANDARD_LIBRARIES = YES;
				CODE_SIGN_STYLE = Automatic;
				CURRENT_PROJECT_VERSION = 1;
				GENERATE_INFOPLIST_FILE = YES;
				MARKETING_VERSION = 1.0;
				PRODUCT_BUNDLE_IDENTIFIER = name.AppExampleUITests;
				PRODUCT_NAME = "$(TARGET_NAME)";
				SWIFT_EMIT_LOC_STRINGS = NO;
				SWIFT_VERSION = 5.0;
				TARGETED_DEVICE_FAMILY = "1,2";
				TEST_TARGET_NAME = AppExample;
			};
			name = Release;
		};
/* End XCBuildConfiguration section */

/* Begin XCConfigurationList section */
		C2F97FF3283D5A9F00D642F4 /* Build configuration list for PBXProject "AppExample" */ = {
			isa = XCConfigurationList;
			buildConfigurations = (
				C2F98020283D5AA100D642F4 /* Debug */,
				C2F98021283D5AA100D642F4 /* Release */,
			);
			defaultConfigurationIsVisible = 0;
			defaultConfigurationName = Release;
		};
		C2F98022283D5AA100D642F4 /* Build configuration list for PBXNativeTarget "AppExample" */ = {
			isa = XCConfigurationList;
			buildConfigurations = (
				C2F98023283D5AA100D642F4 /* Debug */,
				C2F98024283D5AA100D642F4 /* Release */,
			);
			defaultConfigurationIsVisible = 0;
			defaultConfigurationName = Release;
		};
		C2F98025283D5AA100D642F4 /* Build configuration list for PBXNativeTarget "AppExampleTests" */ = {
			isa = XCConfigurationList;
			buildConfigurations = (
				C2F98026283D5AA100D642F4 /* Debug */,
				C2F98027283D5AA100D642F4 /* Release */,
			);
			defaultConfigurationIsVisible = 0;
			defaultConfigurationName = Release;
		};
		C2F98028283D5AA100D642F4 /* Build configuration list for PBXNativeTarget "AppExampleUITests" */ = {
			isa = XCConfigurationList;
			buildConfigurations = (
				C2F98029283D5AA100D642F4 /* Debug */,
				C2F9802A283D5AA100D642F4 /* Release */,
			);
			defaultConfigurationIsVisible = 0;
			defaultConfigurationName = Release;
		};
/* End XCConfigurationList section */
	};
	rootObject = C2F97FF0283D5A9F00D642F4 /* Project object */;
}
