// !$*UTF8*$!
{
	archiveVersion = 1;
	classes = {
	};
	objectVersion = 55;
	objects = {

/* Begin PBXBuildFile section */
		C2B9B0692845129B00880EA9 /* AppDelegate.swift in Sources */ = {isa = PBXBuildFile; fileRef = C2B9B0682845129B00880EA9 /* AppDelegate.swift */; };
		C2B9B06B2845129B00880EA9 /* SceneDelegate.swift in Sources */ = {isa = PBXBuildFile; fileRef = C2B9B06A2845129B00880EA9 /* SceneDelegate.swift */; };
		C2B9B06D2845129B00880EA9 /* ViewController.swift in Sources */ = {isa = PBXBuildFile; fileRef = C2B9B06C2845129B00880EA9 /* ViewController.swift */; };
		C2B9B0702845129B00880EA9 /* Main.storyboard in Resources */ = {isa = PBXBuildFile; fileRef = C2B9B06E2845129B00880EA9 /* Main.storyboard */; };
		C2B9B0722845129C00880EA9 /* Assets.xcassets in Resources */ = {isa = PBXBuildFile; fileRef = C2B9B0712845129C00880EA9 /* Assets.xcassets */; };
		C2B9B0752845129C00880EA9 /* LaunchScreen.storyboard in Resources */ = {isa = PBXBuildFile; fileRef = C2B9B0732845129C00880EA9 /* LaunchScreen.storyboard */; };
		C2B9B0802845129C00880EA9 /* UIviewsTests.swift in Sources */ = {isa = PBXBuildFile; fileRef = C2B9B07F2845129C00880EA9 /* UIviewsTests.swift */; };
		C2B9B08A2845129C00880EA9 /* UIviewsUITests.swift in Sources */ = {isa = PBXBuildFile; fileRef = C2B9B0892845129C00880EA9 /* UIviewsUITests.swift */; };
		C2B9B08C2845129C00880EA9 /* UIviewsUITestsLaunchTests.swift in Sources */ = {isa = PBXBuildFile; fileRef = C2B9B08B2845129C00880EA9 /* UIviewsUITestsLaunchTests.swift */; };
/* End PBXBuildFile section */

/* Begin PBXContainerItemProxy section */
		C2B9B07C2845129C00880EA9 /* PBXContainerItemProxy */ = {
			isa = PBXContainerItemProxy;
			containerPortal = C2B9B05D2845129B00880EA9 /* Project object */;
			proxyType = 1;
			remoteGlobalIDString = C2B9B0642845129B00880EA9;
			remoteInfo = UIviews;
		};
		C2B9B0862845129C00880EA9 /* PBXContainerItemProxy */ = {
			isa = PBXContainerItemProxy;
			containerPortal = C2B9B05D2845129B00880EA9 /* Project object */;
			proxyType = 1;
			remoteGlobalIDString = C2B9B0642845129B00880EA9;
			remoteInfo = UIviews;
		};
/* End PBXContainerItemProxy section */

/* Begin PBXFileReference section */
		C2B9B0652845129B00880EA9 /* UIviews.app */ = {isa = PBXFileReference; explicitFileType = wrapper.application; includeInIndex = 0; path = UIviews.app; sourceTree = BUILT_PRODUCTS_DIR; };
		C2B9B0682845129B00880EA9 /* AppDelegate.swift */ = {isa = PBXFileReference; lastKnownFileType = sourcecode.swift; path = AppDelegate.swift; sourceTree = "<group>"; };
		C2B9B06A2845129B00880EA9 /* SceneDelegate.swift */ = {isa = PBXFileReference; lastKnownFileType = sourcecode.swift; path = SceneDelegate.swift; sourceTree = "<group>"; };
		C2B9B06C2845129B00880EA9 /* ViewController.swift */ = {isa = PBXFileReference; lastKnownFileType = sourcecode.swift; path = ViewController.swift; sourceTree = "<group>"; };
		C2B9B06F2845129B00880EA9 /* Base */ = {isa = PBXFileReference; lastKnownFileType = file.storyboard; name = Base; path = Base.lproj/Main.storyboard; sourceTree = "<group>"; };
		C2B9B0712845129C00880EA9 /* Assets.xcassets */ = {isa = PBXFileReference; lastKnownFileType = folder.assetcatalog; path = Assets.xcassets; sourceTree = "<group>"; };
		C2B9B0742845129C00880EA9 /* Base */ = {isa = PBXFileReference; lastKnownFileType = file.storyboard; name = Base; path = Base.lproj/LaunchScreen.storyboard; sourceTree = "<group>"; };
		C2B9B0762845129C00880EA9 /* Info.plist */ = {isa = PBXFileReference; lastKnownFileType = text.plist.xml; path = Info.plist; sourceTree = "<group>"; };
		C2B9B07B2845129C00880EA9 /* UIviewsTests.xctest */ = {isa = PBXFileReference; explicitFileType = wrapper.cfbundle; includeInIndex = 0; path = UIviewsTests.xctest; sourceTree = BUILT_PRODUCTS_DIR; };
		C2B9B07F2845129C00880EA9 /* UIviewsTests.swift */ = {isa = PBXFileReference; lastKnownFileType = sourcecode.swift; path = UIviewsTests.swift; sourceTree = "<group>"; };
		C2B9B0852845129C00880EA9 /* UIviewsUITests.xctest */ = {isa = PBXFileReference; explicitFileType = wrapper.cfbundle; includeInIndex = 0; path = UIviewsUITests.xctest; sourceTree = BUILT_PRODUCTS_DIR; };
		C2B9B0892845129C00880EA9 /* UIviewsUITests.swift */ = {isa = PBXFileReference; lastKnownFileType = sourcecode.swift; path = UIviewsUITests.swift; sourceTree = "<group>"; };
		C2B9B08B2845129C00880EA9 /* UIviewsUITestsLaunchTests.swift */ = {isa = PBXFileReference; lastKnownFileType = sourcecode.swift; path = UIviewsUITestsLaunchTests.swift; sourceTree = "<group>"; };
/* End PBXFileReference section */

/* Begin PBXFrameworksBuildPhase section */
		C2B9B0622845129B00880EA9 /* Frameworks */ = {
			isa = PBXFrameworksBuildPhase;
			buildActionMask = 2147483647;
			files = (
			);
			runOnlyForDeploymentPostprocessing = 0;
		};
		C2B9B0782845129C00880EA9 /* Frameworks */ = {
			isa = PBXFrameworksBuildPhase;
			buildActionMask = 2147483647;
			files = (
			);
			runOnlyForDeploymentPostprocessing = 0;
		};
		C2B9B0822845129C00880EA9 /* Frameworks */ = {
			isa = PBXFrameworksBuildPhase;
			buildActionMask = 2147483647;
			files = (
			);
			runOnlyForDeploymentPostprocessing = 0;
		};
/* End PBXFrameworksBuildPhase section */

/* Begin PBXGroup section */
		C2B9B05C2845129B00880EA9 = {
			isa = PBXGroup;
			children = (
				C2B9B0672845129B00880EA9 /* UIviews */,
				C2B9B07E2845129C00880EA9 /* UIviewsTests */,
				C2B9B0882845129C00880EA9 /* UIviewsUITests */,
				C2B9B0662845129B00880EA9 /* Products */,
			);
			sourceTree = "<group>";
		};
		C2B9B0662845129B00880EA9 /* Products */ = {
			isa = PBXGroup;
			children = (
				C2B9B0652845129B00880EA9 /* UIviews.app */,
				C2B9B07B2845129C00880EA9 /* UIviewsTests.xctest */,
				C2B9B0852845129C00880EA9 /* UIviewsUITests.xctest */,
			);
			name = Products;
			sourceTree = "<group>";
		};
		C2B9B0672845129B00880EA9 /* UIviews */ = {
			isa = PBXGroup;
			children = (
				C2B9B0682845129B00880EA9 /* AppDelegate.swift */,
				C2B9B06A2845129B00880EA9 /* SceneDelegate.swift */,
				C2B9B06C2845129B00880EA9 /* ViewController.swift */,
				C2B9B06E2845129B00880EA9 /* Main.storyboard */,
				C2B9B0712845129C00880EA9 /* Assets.xcassets */,
				C2B9B0732845129C00880EA9 /* LaunchScreen.storyboard */,
				C2B9B0762845129C00880EA9 /* Info.plist */,
			);
			path = UIviews;
			sourceTree = "<group>";
		};
		C2B9B07E2845129C00880EA9 /* UIviewsTests */ = {
			isa = PBXGroup;
			children = (
				C2B9B07F2845129C00880EA9 /* UIviewsTests.swift */,
			);
			path = UIviewsTests;
			sourceTree = "<group>";
		};
		C2B9B0882845129C00880EA9 /* UIviewsUITests */ = {
			isa = PBXGroup;
			children = (
				C2B9B0892845129C00880EA9 /* UIviewsUITests.swift */,
				C2B9B08B2845129C00880EA9 /* UIviewsUITestsLaunchTests.swift */,
			);
			path = UIviewsUITests;
			sourceTree = "<group>";
		};
/* End PBXGroup section */

/* Begin PBXNativeTarget section */
		C2B9B0642845129B00880EA9 /* UIviews */ = {
			isa = PBXNativeTarget;
			buildConfigurationList = C2B9B08F2845129C00880EA9 /* Build configuration list for PBXNativeTarget "UIviews" */;
			buildPhases = (
				C2B9B0612845129B00880EA9 /* Sources */,
				C2B9B0622845129B00880EA9 /* Frameworks */,
				C2B9B0632845129B00880EA9 /* Resources */,
			);
			buildRules = (
			);
			dependencies = (
			);
			name = UIviews;
			productName = UIviews;
			productReference = C2B9B0652845129B00880EA9 /* UIviews.app */;
			productType = "com.apple.product-type.application";
		};
		C2B9B07A2845129C00880EA9 /* UIviewsTests */ = {
			isa = PBXNativeTarget;
			buildConfigurationList = C2B9B0922845129C00880EA9 /* Build configuration list for PBXNativeTarget "UIviewsTests" */;
			buildPhases = (
				C2B9B0772845129C00880EA9 /* Sources */,
				C2B9B0782845129C00880EA9 /* Frameworks */,
				C2B9B0792845129C00880EA9 /* Resources */,
			);
			buildRules = (
			);
			dependencies = (
				C2B9B07D2845129C00880EA9 /* PBXTargetDependency */,
			);
			name = UIviewsTests;
			productName = UIviewsTests;
			productReference = C2B9B07B2845129C00880EA9 /* UIviewsTests.xctest */;
			productType = "com.apple.product-type.bundle.unit-test";
		};
		C2B9B0842845129C00880EA9 /* UIviewsUITests */ = {
			isa = PBXNativeTarget;
			buildConfigurationList = C2B9B0952845129C00880EA9 /* Build configuration list for PBXNativeTarget "UIviewsUITests" */;
			buildPhases = (
				C2B9B0812845129C00880EA9 /* Sources */,
				C2B9B0822845129C00880EA9 /* Frameworks */,
				C2B9B0832845129C00880EA9 /* Resources */,
			);
			buildRules = (
			);
			dependencies = (
				C2B9B0872845129C00880EA9 /* PBXTargetDependency */,
			);
			name = UIviewsUITests;
			productName = UIviewsUITests;
			productReference = C2B9B0852845129C00880EA9 /* UIviewsUITests.xctest */;
			productType = "com.apple.product-type.bundle.ui-testing";
		};
/* End PBXNativeTarget section */

/* Begin PBXProject section */
		C2B9B05D2845129B00880EA9 /* Project object */ = {
			isa = PBXProject;
			attributes = {
				BuildIndependentTargetsInParallel = 1;
				LastSwiftUpdateCheck = 1340;
				LastUpgradeCheck = 1340;
				TargetAttributes = {
					C2B9B0642845129B00880EA9 = {
						CreatedOnToolsVersion = 13.4;
					};
					C2B9B07A2845129C00880EA9 = {
						CreatedOnToolsVersion = 13.4;
						TestTargetID = C2B9B0642845129B00880EA9;
					};
					C2B9B0842845129C00880EA9 = {
						CreatedOnToolsVersion = 13.4;
						TestTargetID = C2B9B0642845129B00880EA9;
					};
				};
			};
			buildConfigurationList = C2B9B0602845129B00880EA9 /* Build configuration list for PBXProject "UIviews" */;
			compatibilityVersion = "Xcode 13.0";
			developmentRegion = en;
			hasScannedForEncodings = 0;
			knownRegions = (
				en,
				Base,
			);
			mainGroup = C2B9B05C2845129B00880EA9;
			productRefGroup = C2B9B0662845129B00880EA9 /* Products */;
			projectDirPath = "";
			projectRoot = "";
			targets = (
				C2B9B0642845129B00880EA9 /* UIviews */,
				C2B9B07A2845129C00880EA9 /* UIviewsTests */,
				C2B9B0842845129C00880EA9 /* UIviewsUITests */,
			);
		};
/* End PBXProject section */

/* Begin PBXResourcesBuildPhase section */
		C2B9B0632845129B00880EA9 /* Resources */ = {
			isa = PBXResourcesBuildPhase;
			buildActionMask = 2147483647;
			files = (
				C2B9B0752845129C00880EA9 /* LaunchScreen.storyboard in Resources */,
				C2B9B0722845129C00880EA9 /* Assets.xcassets in Resources */,
				C2B9B0702845129B00880EA9 /* Main.storyboard in Resources */,
			);
			runOnlyForDeploymentPostprocessing = 0;
		};
		C2B9B0792845129C00880EA9 /* Resources */ = {
			isa = PBXResourcesBuildPhase;
			buildActionMask = 2147483647;
			files = (
			);
			runOnlyForDeploymentPostprocessing = 0;
		};
		C2B9B0832845129C00880EA9 /* Resources */ = {
			isa = PBXResourcesBuildPhase;
			buildActionMask = 2147483647;
			files = (
			);
			runOnlyForDeploymentPostprocessing = 0;
		};
/* End PBXResourcesBuildPhase section */

/* Begin PBXSourcesBuildPhase section */
		C2B9B0612845129B00880EA9 /* Sources */ = {
			isa = PBXSourcesBuildPhase;
			buildActionMask = 2147483647;
			files = (
				C2B9B06D2845129B00880EA9 /* ViewController.swift in Sources */,
				C2B9B0692845129B00880EA9 /* AppDelegate.swift in Sources */,
				C2B9B06B2845129B00880EA9 /* SceneDelegate.swift in Sources */,
			);
			runOnlyForDeploymentPostprocessing = 0;
		};
		C2B9B0772845129C00880EA9 /* Sources */ = {
			isa = PBXSourcesBuildPhase;
			buildActionMask = 2147483647;
			files = (
				C2B9B0802845129C00880EA9 /* UIviewsTests.swift in Sources */,
			);
			runOnlyForDeploymentPostprocessing = 0;
		};
		C2B9B0812845129C00880EA9 /* Sources */ = {
			isa = PBXSourcesBuildPhase;
			buildActionMask = 2147483647;
			files = (
				C2B9B08A2845129C00880EA9 /* UIviewsUITests.swift in Sources */,
				C2B9B08C2845129C00880EA9 /* UIviewsUITestsLaunchTests.swift in Sources */,
			);
			runOnlyForDeploymentPostprocessing = 0;
		};
/* End PBXSourcesBuildPhase section */

/* Begin PBXTargetDependency section */
		C2B9B07D2845129C00880EA9 /* PBXTargetDependency */ = {
			isa = PBXTargetDependency;
			target = C2B9B0642845129B00880EA9 /* UIviews */;
			targetProxy = C2B9B07C2845129C00880EA9 /* PBXContainerItemProxy */;
		};
		C2B9B0872845129C00880EA9 /* PBXTargetDependency */ = {
			isa = PBXTargetDependency;
			target = C2B9B0642845129B00880EA9 /* UIviews */;
			targetProxy = C2B9B0862845129C00880EA9 /* PBXContainerItemProxy */;
		};
/* End PBXTargetDependency section */

/* Begin PBXVariantGroup section */
		C2B9B06E2845129B00880EA9 /* Main.storyboard */ = {
			isa = PBXVariantGroup;
			children = (
				C2B9B06F2845129B00880EA9 /* Base */,
			);
			name = Main.storyboard;
			sourceTree = "<group>";
		};
		C2B9B0732845129C00880EA9 /* LaunchScreen.storyboard */ = {
			isa = PBXVariantGroup;
			children = (
				C2B9B0742845129C00880EA9 /* Base */,
			);
			name = LaunchScreen.storyboard;
			sourceTree = "<group>";
		};
/* End PBXVariantGroup section */

/* Begin XCBuildConfiguration section */
		C2B9B08D2845129C00880EA9 /* Debug */ = {
			isa = XCBuildConfiguration;
			buildSettings = {
				ALWAYS_SEARCH_USER_PATHS = NO;
				CLANG_ANALYZER_NONNULL = YES;
				CLANG_ANALYZER_NUMBER_OBJECT_CONVERSION = YES_AGGRESSIVE;
				CLANG_CXX_LANGUAGE_STANDARD = "gnu++17";
				CLANG_ENABLE_MODULES = YES;
				CLANG_ENABLE_OBJC_ARC = YES;
				CLANG_ENABLE_OBJC_WEAK = YES;
				CLANG_WARN_BLOCK_CAPTURE_AUTORELEASING = YES;
				CLANG_WARN_BOOL_CONVERSION = YES;
				CLANG_WARN_COMMA = YES;
				CLANG_WARN_CONSTANT_CONVERSION = YES;
				CLANG_WARN_DEPRECATED_OBJC_IMPLEMENTATIONS = YES;
				CLANG_WARN_DIRECT_OBJC_ISA_USAGE = YES_ERROR;
				CLANG_WARN_DOCUMENTATION_COMMENTS = YES;
				CLANG_WARN_EMPTY_BODY = YES;
				CLANG_WARN_ENUM_CONVERSION = YES;
				CLANG_WARN_INFINITE_RECURSION = YES;
				CLANG_WARN_INT_CONVERSION = YES;
				CLANG_WARN_NON_LITERAL_NULL_CONVERSION = YES;
				CLANG_WARN_OBJC_IMPLICIT_RETAIN_SELF = YES;
				CLANG_WARN_OBJC_LITERAL_CONVERSION = YES;
				CLANG_WARN_OBJC_ROOT_CLASS = YES_ERROR;
				CLANG_WARN_QUOTED_INCLUDE_IN_FRAMEWORK_HEADER = YES;
				CLANG_WARN_RANGE_LOOP_ANALYSIS = YES;
				CLANG_WARN_STRICT_PROTOTYPES = YES;
				CLANG_WARN_SUSPICIOUS_MOVE = YES;
				CLANG_WARN_UNGUARDED_AVAILABILITY = YES_AGGRESSIVE;
				CLANG_WARN_UNREACHABLE_CODE = YES;
				CLANG_WARN__DUPLICATE_METHOD_MATCH = YES;
				COPY_PHASE_STRIP = NO;
				DEBUG_INFORMATION_FORMAT = dwarf;
				ENABLE_STRICT_OBJC_MSGSEND = YES;
				ENABLE_TESTABILITY = YES;
				GCC_C_LANGUAGE_STANDARD = gnu11;
				GCC_DYNAMIC_NO_PIC = NO;
				GCC_NO_COMMON_BLOCKS = YES;
				GCC_OPTIMIZATION_LEVEL = 0;
				GCC_PREPROCESSOR_DEFINITIONS = (
					"DEBUG=1",
					"$(inherited)",
				);
				GCC_WARN_64_TO_32_BIT_CONVERSION = YES;
				GCC_WARN_ABOUT_RETURN_TYPE = YES_ERROR;
				GCC_WARN_UNDECLARED_SELECTOR = YES;
				GCC_WARN_UNINITIALIZED_AUTOS = YES_AGGRESSIVE;
				GCC_WARN_UNUSED_FUNCTION = YES;
				GCC_WARN_UNUSED_VARIABLE = YES;
				IPHONEOS_DEPLOYMENT_TARGET = 15.5;
				MTL_ENABLE_DEBUG_INFO = INCLUDE_SOURCE;
				MTL_FAST_MATH = YES;
				ONLY_ACTIVE_ARCH = YES;
				SDKROOT = iphoneos;
				SWIFT_ACTIVE_COMPILATION_CONDITIONS = DEBUG;
				SWIFT_OPTIMIZATION_LEVEL = "-Onone";
			};
			name = Debug;
		};
		C2B9B08E2845129C00880EA9 /* Release */ = {
			isa = XCBuildConfiguration;
			buildSettings = {
				ALWAYS_SEARCH_USER_PATHS = NO;
				CLANG_ANALYZER_NONNULL = YES;
				CLANG_ANALYZER_NUMBER_OBJECT_CONVERSION = YES_AGGRESSIVE;
				CLANG_CXX_LANGUAGE_STANDARD = "gnu++17";
				CLANG_ENABLE_MODULES = YES;
				CLANG_ENABLE_OBJC_ARC = YES;
				CLANG_ENABLE_OBJC_WEAK = YES;
				CLANG_WARN_BLOCK_CAPTURE_AUTORELEASING = YES;
				CLANG_WARN_BOOL_CONVERSION = YES;
				CLANG_WARN_COMMA = YES;
				CLANG_WARN_CONSTANT_CONVERSION = YES;
				CLANG_WARN_DEPRECATED_OBJC_IMPLEMENTATIONS = YES;
				CLANG_WARN_DIRECT_OBJC_ISA_USAGE = YES_ERROR;
				CLANG_WARN_DOCUMENTATION_COMMENTS = YES;
				CLANG_WARN_EMPTY_BODY = YES;
				CLANG_WARN_ENUM_CONVERSION = YES;
				CLANG_WARN_INFINITE_RECURSION = YES;
				CLANG_WARN_INT_CONVERSION = YES;
				CLANG_WARN_NON_LITERAL_NULL_CONVERSION = YES;
				CLANG_WARN_OBJC_IMPLICIT_RETAIN_SELF = YES;
				CLANG_WARN_OBJC_LITERAL_CONVERSION = YES;
				CLANG_WARN_OBJC_ROOT_CLASS = YES_ERROR;
				CLANG_WARN_QUOTED_INCLUDE_IN_FRAMEWORK_HEADER = YES;
				CLANG_WARN_RANGE_LOOP_ANALYSIS = YES;
				CLANG_WARN_STRICT_PROTOTYPES = YES;
				CLANG_WARN_SUSPICIOUS_MOVE = YES;
				CLANG_WARN_UNGUARDED_AVAILABILITY = YES_AGGRESSIVE;
				CLANG_WARN_UNREACHABLE_CODE = YES;
				CLANG_WARN__DUPLICATE_METHOD_MATCH = YES;
				COPY_PHASE_STRIP = NO;
				DEBUG_INFORMATION_FORMAT = "dwarf-with-dsym";
				ENABLE_NS_ASSERTIONS = NO;
				ENABLE_STRICT_OBJC_MSGSEND = YES;
				GCC_C_LANGUAGE_STANDARD = gnu11;
				GCC_NO_COMMON_BLOCKS = YES;
				GCC_WARN_64_TO_32_BIT_CONVERSION = YES;
				GCC_WARN_ABOUT_RETURN_TYPE = YES_ERROR;
				GCC_WARN_UNDECLARED_SELECTOR = YES;
				GCC_WARN_UNINITIALIZED_AUTOS = YES_AGGRESSIVE;
				GCC_WARN_UNUSED_FUNCTION = YES;
				GCC_WARN_UNUSED_VARIABLE = YES;
				IPHONEOS_DEPLOYMENT_TARGET = 15.5;
				MTL_ENABLE_DEBUG_INFO = NO;
				MTL_FAST_MATH = YES;
				SDKROOT = iphoneos;
				SWIFT_COMPILATION_MODE = wholemodule;
				SWIFT_OPTIMIZATION_LEVEL = "-O";
				VALIDATE_PRODUCT = YES;
			};
			name = Release;
		};
		C2B9B0902845129C00880EA9 /* Debug */ = {
			isa = XCBuildConfiguration;
			buildSettings = {
				ASSETCATALOG_COMPILER_APPICON_NAME = AppIcon;
				ASSETCATALOG_COMPILER_GLOBAL_ACCENT_COLOR_NAME = AccentColor;
				CODE_SIGN_STYLE = Automatic;
				CURRENT_PROJECT_VERSION = 1;
				DEVELOPMENT_TEAM = HX9T3R6B55;
				GENERATE_INFOPLIST_FILE = YES;
				INFOPLIST_FILE = UIviews/Info.plist;
				INFOPLIST_KEY_UIApplicationSupportsIndirectInputEvents = YES;
				INFOPLIST_KEY_UILaunchStoryboardName = LaunchScreen;
				INFOPLIST_KEY_UIMainStoryboardFile = Main;
				INFOPLIST_KEY_UISupportedInterfaceOrientations_iPad = "UIInterfaceOrientationPortrait UIInterfaceOrientationPortraitUpsideDown UIInterfaceOrientationLandscapeLeft UIInterfaceOrientationLandscapeRight";
				INFOPLIST_KEY_UISupportedInterfaceOrientations_iPhone = "UIInterfaceOrientationPortrait UIInterfaceOrientationLandscapeLeft UIInterfaceOrientationLandscapeRight";
				LD_RUNPATH_SEARCH_PATHS = (
					"$(inherited)",
					"@executable_path/Frameworks",
				);
				MARKETING_VERSION = 1.0;
				PRODUCT_BUNDLE_IDENTIFIER = com.GustavoInca.UIviews;
				PRODUCT_NAME = "$(TARGET_NAME)";
				SWIFT_EMIT_LOC_STRINGS = YES;
				SWIFT_VERSION = 5.0;
				TARGETED_DEVICE_FAMILY = "1,2";
			};
			name = Debug;
		};
		C2B9B0912845129C00880EA9 /* Release */ = {
			isa = XCBuildConfiguration;
			buildSettings = {
				ASSETCATALOG_COMPILER_APPICON_NAME = AppIcon;
				ASSETCATALOG_COMPILER_GLOBAL_ACCENT_COLOR_NAME = AccentColor;
				CODE_SIGN_STYLE = Automatic;
				CURRENT_PROJECT_VERSION = 1;
				DEVELOPMENT_TEAM = HX9T3R6B55;
				GENERATE_INFOPLIST_FILE = YES;
				INFOPLIST_FILE = UIviews/Info.plist;
				INFOPLIST_KEY_UIApplicationSupportsIndirectInputEvents = YES;
				INFOPLIST_KEY_UILaunchStoryboardName = LaunchScreen;
				INFOPLIST_KEY_UIMainStoryboardFile = Main;
				INFOPLIST_KEY_UISupportedInterfaceOrientations_iPad = "UIInterfaceOrientationPortrait UIInterfaceOrientationPortraitUpsideDown UIInterfaceOrientationLandscapeLeft UIInterfaceOrientationLandscapeRight";
				INFOPLIST_KEY_UISupportedInterfaceOrientations_iPhone = "UIInterfaceOrientationPortrait UIInterfaceOrientationLandscapeLeft UIInterfaceOrientationLandscapeRight";
				LD_RUNPATH_SEARCH_PATHS = (
					"$(inherited)",
					"@executable_path/Frameworks",
				);
				MARKETING_VERSION = 1.0;
				PRODUCT_BUNDLE_IDENTIFIER = com.GustavoInca.UIviews;
				PRODUCT_NAME = "$(TARGET_NAME)";
				SWIFT_EMIT_LOC_STRINGS = YES;
				SWIFT_VERSION = 5.0;
				TARGETED_DEVICE_FAMILY = "1,2";
			};
			name = Release;
		};
		C2B9B0932845129C00880EA9 /* Debug */ = {
			isa = XCBuildConfiguration;
			buildSettings = {
				ALWAYS_EMBED_SWIFT_STANDARD_LIBRARIES = YES;
				BUNDLE_LOADER = "$(TEST_HOST)";
				CODE_SIGN_STYLE = Automatic;
				CURRENT_PROJECT_VERSION = 1;
				DEVELOPMENT_TEAM = HX9T3R6B55;
				GENERATE_INFOPLIST_FILE = YES;
				IPHONEOS_DEPLOYMENT_TARGET = 15.5;
				MARKETING_VERSION = 1.0;
				PRODUCT_BUNDLE_IDENTIFIER = com.GustavoInca.UIviewsTests;
				PRODUCT_NAME = "$(TARGET_NAME)";
				SWIFT_EMIT_LOC_STRINGS = NO;
				SWIFT_VERSION = 5.0;
				TARGETED_DEVICE_FAMILY = "1,2";
				TEST_HOST = "$(BUILT_PRODUCTS_DIR)/UIviews.app/UIviews";
			};
			name = Debug;
		};
		C2B9B0942845129C00880EA9 /* Release */ = {
			isa = XCBuildConfiguration;
			buildSettings = {
				ALWAYS_EMBED_SWIFT_STANDARD_LIBRARIES = YES;
				BUNDLE_LOADER = "$(TEST_HOST)";
				CODE_SIGN_STYLE = Automatic;
				CURRENT_PROJECT_VERSION = 1;
				DEVELOPMENT_TEAM = HX9T3R6B55;
				GENERATE_INFOPLIST_FILE = YES;
				IPHONEOS_DEPLOYMENT_TARGET = 15.5;
				MARKETING_VERSION = 1.0;
				PRODUCT_BUNDLE_IDENTIFIER = com.GustavoInca.UIviewsTests;
				PRODUCT_NAME = "$(TARGET_NAME)";
				SWIFT_EMIT_LOC_STRINGS = NO;
				SWIFT_VERSION = 5.0;
				TARGETED_DEVICE_FAMILY = "1,2";
				TEST_HOST = "$(BUILT_PRODUCTS_DIR)/UIviews.app/UIviews";
			};
			name = Release;
		};
		C2B9B0962845129C00880EA9 /* Debug */ = {
			isa = XCBuildConfiguration;
			buildSettings = {
				ALWAYS_EMBED_SWIFT_STANDARD_LIBRARIES = YES;
				CODE_SIGN_STYLE = Automatic;
				CURRENT_PROJECT_VERSION = 1;
				DEVELOPMENT_TEAM = HX9T3R6B55;
				GENERATE_INFOPLIST_FILE = YES;
				MARKETING_VERSION = 1.0;
				PRODUCT_BUNDLE_IDENTIFIER = com.GustavoInca.UIviewsUITests;
				PRODUCT_NAME = "$(TARGET_NAME)";
				SWIFT_EMIT_LOC_STRINGS = NO;
				SWIFT_VERSION = 5.0;
				TARGETED_DEVICE_FAMILY = "1,2";
				TEST_TARGET_NAME = UIviews;
			};
			name = Debug;
		};
		C2B9B0972845129C00880EA9 /* Release */ = {
			isa = XCBuildConfiguration;
			buildSettings = {
				ALWAYS_EMBED_SWIFT_STANDARD_LIBRARIES = YES;
				CODE_SIGN_STYLE = Automatic;
				CURRENT_PROJECT_VERSION = 1;
				DEVELOPMENT_TEAM = HX9T3R6B55;
				GENERATE_INFOPLIST_FILE = YES;
				MARKETING_VERSION = 1.0;
				PRODUCT_BUNDLE_IDENTIFIER = com.GustavoInca.UIviewsUITests;
				PRODUCT_NAME = "$(TARGET_NAME)";
				SWIFT_EMIT_LOC_STRINGS = NO;
				SWIFT_VERSION = 5.0;
				TARGETED_DEVICE_FAMILY = "1,2";
				TEST_TARGET_NAME = UIviews;
			};
			name = Release;
		};
/* End XCBuildConfiguration section */

/* Begin XCConfigurationList section */
		C2B9B0602845129B00880EA9 /* Build configuration list for PBXProject "UIviews" */ = {
			isa = XCConfigurationList;
			buildConfigurations = (
				C2B9B08D2845129C00880EA9 /* Debug */,
				C2B9B08E2845129C00880EA9 /* Release */,
			);
			defaultConfigurationIsVisible = 0;
			defaultConfigurationName = Release;
		};
		C2B9B08F2845129C00880EA9 /* Build configuration list for PBXNativeTarget "UIviews" */ = {
			isa = XCConfigurationList;
			buildConfigurations = (
				C2B9B0902845129C00880EA9 /* Debug */,
				C2B9B0912845129C00880EA9 /* Release */,
			);
			defaultConfigurationIsVisible = 0;
			defaultConfigurationName = Release;
		};
		C2B9B0922845129C00880EA9 /* Build configuration list for PBXNativeTarget "UIviewsTests" */ = {
			isa = XCConfigurationList;
			buildConfigurations = (
				C2B9B0932845129C00880EA9 /* Debug */,
				C2B9B0942845129C00880EA9 /* Release */,
			);
			defaultConfigurationIsVisible = 0;
			defaultConfigurationName = Release;
		};
		C2B9B0952845129C00880EA9 /* Build configuration list for PBXNativeTarget "UIviewsUITests" */ = {
			isa = XCConfigurationList;
			buildConfigurations = (
				C2B9B0962845129C00880EA9 /* Debug */,
				C2B9B0972845129C00880EA9 /* Release */,
			);
			defaultConfigurationIsVisible = 0;
			defaultConfigurationName = Release;
		};
/* End XCConfigurationList section */
	};
	rootObject = C2B9B05D2845129B00880EA9 /* Project object */;
}
